{
    "_readme": [
        "This file locks the dependencies of your project to a known state",
        "Read more about it at https://getcomposer.org/doc/01-basic-usage.md#installing-dependencies",
        "This file is @generated automatically"
    ],
    "content-hash": "8d5dc99bc84c4ab482323cb34eded3f4",
    "packages": [
        {
            "name": "swoole/ide-helper",
            "version": "dev-master",
            "source": {
                "type": "git",
                "url": "https://github.com/swoole/ide-helper.git",
                "reference": "0d1409b8274117addfe64d3ea412812a69807411"
            },
            "dist": {
                "type": "zip",
                "url": "https://api.github.com/repos/swoole/ide-helper/zipball/0d1409b8274117addfe64d3ea412812a69807411",
                "reference": "0d1409b8274117addfe64d3ea412812a69807411",
                "shasum": ""
            },
            "require-dev": {
                "guzzlehttp/guzzle": "~6.5.0",
                "laminas/laminas-code": "~3.4.0",
                "squizlabs/php_codesniffer": "~3.5.0",
                "symfony/filesystem": "~4.0"
            },
            "default-branch": true,
            "type": "library",
            "notification-url": "https://packagist.org/downloads/",
            "license": [
                "Apache-2.0"
            ],
            "authors": [
                {
                    "name": "Team Swoole",
                    "email": "team@swoole.com"
                }
            ],
            "description": "IDE help files for Swoole.",
            "support": {
                "issues": "https://github.com/swoole/ide-helper/issues",
                "source": "https://github.com/swoole/ide-helper/tree/4.6.7"
            },
            "funding": [
                {
                    "url": "https://gitee.com/swoole/swoole?donate=true",
                    "type": "custom"
                },
                {
                    "url": "https://github.com/swoole",
                    "type": "github"
                }
            ],
            "time": "2021-05-14T16:05:16+00:00"
        }
    ],
    "packages-dev": [],
    "aliases": [],
    "minimum-stability": "stable",
    "stability-flags": {
        "swoole/ide-helper": 20
    },
    "prefer-stable": false,
    "prefer-lowest": false,
    "platform": [],
    "platform-dev": [],
    "plugin-api-version": "2.0.0"
}
